
Microsoft Visual Studio Solution File, Format Version 12.00
# Visual Studio 2013
VisualStudioVersion = 12.0.40629.0
MinimumVisualStudioVersion = 10.0.40219.1
Project("{2150E333-8FDC-42A3-9474-1A3956D46DE8}") = "6.Model", "6.Model", "{C37FEB65-314E-4AC4-B35C-419EF5A6BA7C}"
EndProject
Project("{2150E333-8FDC-42A3-9474-1A3956D46DE8}") = "5.DAL", "5.DAL", "{26B00115-D81A-4597-948E-794E3798DF7F}"
EndProject
Project("{2150E333-8FDC-42A3-9474-1A3956D46DE8}") = "4.BusinessUnit", "4.BusinessUnit", "{13820644-6EDB-46DF-AEAD-43E1C7C4FDFD}"
EndProject
Project("{2150E333-8FDC-42A3-9474-1A3956D46DE8}") = "3.BusinessCenter", "3.BusinessCenter", "{0E34AA26-4796-4453-AA07-F37AC9E9AFD5}"
EndProject
Project("{2150E333-8FDC-42A3-9474-1A3956D46DE8}") = "2.Web_API", "2.Web_API", "{6D3357C6-6F42-4122-9591-ECADECBFBB8B}"
EndProject
Project("{2150E333-8FDC-42A3-9474-1A3956D46DE8}") = "1.Web_UI", "1.Web_UI", "{43C1D2B5-259C-465A-8E95-781EF6E7E8E3}"
EndProject
Project("{2150E333-8FDC-42A3-9474-1A3956D46DE8}") = "0.Common", "0.Common", "{311D12D0-EF2A-4DA9-BCCD-2722CF24F3BB}"
EndProject
Project("{FAE04EC0-301F-11D3-BF4B-00C04F79EFBC}") = "cc.common", "0.Common\cc.common\cc.common.csproj", "{24F75602-BC32-43F9-8535-1BEE9F12C7F0}"
EndProject
Project("{FAE04EC0-301F-11D3-BF4B-00C04F79EFBC}") = "cc.webapi", "2.Web_API\cc.webapi\cc.webapi.csproj", "{D040819A-91D4-43B4-9ACB-A30AF5C71F10}"
EndProject
Project("{FAE04EC0-301F-11D3-BF4B-00C04F79EFBC}") = "cc.iservices", "3.BusinessCenter\cc.iservices\cc.iservices.csproj", "{3664CB7E-B982-471B-B92A-B640647917CF}"
EndProject
Project("{FAE04EC0-301F-11D3-BF4B-00C04F79EFBC}") = "cc.services", "3.BusinessCenter\cc.services\cc.services.csproj", "{54ABF250-8012-4653-8B54-7BB4145BB86C}"
EndProject
Project("{FAE04EC0-301F-11D3-BF4B-00C04F79EFBC}") = "cc.unit", "4.BusinessUnit\cc.unit\cc.unit.csproj", "{67A43C45-CA3E-4B02-A9B6-16A78CAB5AE7}"
EndProject
Project("{FAE04EC0-301F-11D3-BF4B-00C04F79EFBC}") = "cc.dal", "5.DAL\cc.dal\cc.dal.csproj", "{C3C37992-33FB-4042-8395-C2085C9E159F}"
EndProject
Project("{FAE04EC0-301F-11D3-BF4B-00C04F79EFBC}") = "cc.model", "6.Model\cc.model\cc.model.csproj", "{45BF0C17-344D-4E88-B15B-605B1AAA98F6}"
EndProject
Project("{FAE04EC0-301F-11D3-BF4B-00C04F79EFBC}") = "cc.basedal", "0.Common\cc.basedal\cc.basedal.csproj", "{C61284AF-4C00-4523-8CEB-E9788DBC1C5F}"
EndProject
Project("{FAE04EC0-301F-11D3-BF4B-00C04F79EFBC}") = "cc.basemodel", "0.Common\cc.basemodel\cc.basemodel.csproj", "{14F6C36D-D031-4DFF-A340-DCA5274B1C19}"
EndProject
Project("{FAE04EC0-301F-11D3-BF4B-00C04F79EFBC}") = "cc.data.access", "0.Common\cc.data.access\cc.data.access.csproj", "{F53373FB-BDCE-46DE-9C41-FBA4A70D5B6E}"
EndProject
Project("{FAE04EC0-301F-11D3-BF4B-00C04F79EFBC}") = "cc.log", "0.Common\cc.log\cc.log.csproj", "{DBB50849-6A7D-4BD2-B5E1-4F4A42C4935C}"
EndProject
Global
	GlobalSection(SolutionConfigurationPlatforms) = preSolution
		Debug|Any CPU = Debug|Any CPU
		Release|Any CPU = Release|Any CPU
	EndGlobalSection
	GlobalSection(ProjectConfigurationPlatforms) = postSolution
		{24F75602-BC32-43F9-8535-1BEE9F12C7F0}.Debug|Any CPU.ActiveCfg = Debug|Any CPU
		{24F75602-BC32-43F9-8535-1BEE9F12C7F0}.Debug|Any CPU.Build.0 = Debug|Any CPU
		{24F75602-BC32-43F9-8535-1BEE9F12C7F0}.Release|Any CPU.ActiveCfg = Release|Any CPU
		{24F75602-BC32-43F9-8535-1BEE9F12C7F0}.Release|Any CPU.Build.0 = Release|Any CPU
		{D040819A-91D4-43B4-9ACB-A30AF5C71F10}.Debug|Any CPU.ActiveCfg = Debug|Any CPU
		{D040819A-91D4-43B4-9ACB-A30AF5C71F10}.Debug|Any CPU.Build.0 = Debug|Any CPU
		{D040819A-91D4-43B4-9ACB-A30AF5C71F10}.Release|Any CPU.ActiveCfg = Release|Any CPU
		{D040819A-91D4-43B4-9ACB-A30AF5C71F10}.Release|Any CPU.Build.0 = Release|Any CPU
		{3664CB7E-B982-471B-B92A-B640647917CF}.Debug|Any CPU.ActiveCfg = Debug|Any CPU
		{3664CB7E-B982-471B-B92A-B640647917CF}.Debug|Any CPU.Build.0 = Debug|Any CPU
		{3664CB7E-B982-471B-B92A-B640647917CF}.Release|Any CPU.ActiveCfg = Release|Any CPU
		{3664CB7E-B982-471B-B92A-B640647917CF}.Release|Any CPU.Build.0 = Release|Any CPU
		{54ABF250-8012-4653-8B54-7BB4145BB86C}.Debug|Any CPU.ActiveCfg = Debug|Any CPU
		{54ABF250-8012-4653-8B54-7BB4145BB86C}.Debug|Any CPU.Build.0 = Debug|Any CPU
		{54ABF250-8012-4653-8B54-7BB4145BB86C}.Release|Any CPU.ActiveCfg = Release|Any CPU
		{54ABF250-8012-4653-8B54-7BB4145BB86C}.Release|Any CPU.Build.0 = Release|Any CPU
		{67A43C45-CA3E-4B02-A9B6-16A78CAB5AE7}.Debug|Any CPU.ActiveCfg = Debug|Any CPU
		{67A43C45-CA3E-4B02-A9B6-16A78CAB5AE7}.Debug|Any CPU.Build.0 = Debug|Any CPU
		{67A43C45-CA3E-4B02-A9B6-16A78CAB5AE7}.Release|Any CPU.ActiveCfg = Release|Any CPU
		{67A43C45-CA3E-4B02-A9B6-16A78CAB5AE7}.Release|Any CPU.Build.0 = Release|Any CPU
		{C3C37992-33FB-4042-8395-C2085C9E159F}.Debug|Any CPU.ActiveCfg = Debug|Any CPU
		{C3C37992-33FB-4042-8395-C2085C9E159F}.Debug|Any CPU.Build.0 = Debug|Any CPU
		{C3C37992-33FB-4042-8395-C2085C9E159F}.Release|Any CPU.ActiveCfg = Release|Any CPU
		{C3C37992-33FB-4042-8395-C2085C9E159F}.Release|Any CPU.Build.0 = Release|Any CPU
		{45BF0C17-344D-4E88-B15B-605B1AAA98F6}.Debug|Any CPU.ActiveCfg = Debug|Any CPU
		{45BF0C17-344D-4E88-B15B-605B1AAA98F6}.Debug|Any CPU.Build.0 = Debug|Any CPU
		{45BF0C17-344D-4E88-B15B-605B1AAA98F6}.Release|Any CPU.ActiveCfg = Release|Any CPU
		{45BF0C17-344D-4E88-B15B-605B1AAA98F6}.Release|Any CPU.Build.0 = Release|Any CPU
		{C61284AF-4C00-4523-8CEB-E9788DBC1C5F}.Debug|Any CPU.ActiveCfg = Debug|Any CPU
		{C61284AF-4C00-4523-8CEB-E9788DBC1C5F}.Debug|Any CPU.Build.0 = Debug|Any CPU
		{C61284AF-4C00-4523-8CEB-E9788DBC1C5F}.Release|Any CPU.ActiveCfg = Release|Any CPU
		{C61284AF-4C00-4523-8CEB-E9788DBC1C5F}.Release|Any CPU.Build.0 = Release|Any CPU
		{14F6C36D-D031-4DFF-A340-DCA5274B1C19}.Debug|Any CPU.ActiveCfg = Debug|Any CPU
		{14F6C36D-D031-4DFF-A340-DCA5274B1C19}.Debug|Any CPU.Build.0 = Debug|Any CPU
		{14F6C36D-D031-4DFF-A340-DCA5274B1C19}.Release|Any CPU.ActiveCfg = Release|Any CPU
		{14F6C36D-D031-4DFF-A340-DCA5274B1C19}.Release|Any CPU.Build.0 = Release|Any CPU
		{F53373FB-BDCE-46DE-9C41-FBA4A70D5B6E}.Debug|Any CPU.ActiveCfg = Debug|Any CPU
		{F53373FB-BDCE-46DE-9C41-FBA4A70D5B6E}.Debug|Any CPU.Build.0 = Debug|Any CPU
		{F53373FB-BDCE-46DE-9C41-FBA4A70D5B6E}.Release|Any CPU.ActiveCfg = Release|Any CPU
		{F53373FB-BDCE-46DE-9C41-FBA4A70D5B6E}.Release|Any CPU.Build.0 = Release|Any CPU
		{DBB50849-6A7D-4BD2-B5E1-4F4A42C4935C}.Debug|Any CPU.ActiveCfg = Debug|Any CPU
		{DBB50849-6A7D-4BD2-B5E1-4F4A42C4935C}.Debug|Any CPU.Build.0 = Debug|Any CPU
		{DBB50849-6A7D-4BD2-B5E1-4F4A42C4935C}.Release|Any CPU.ActiveCfg = Release|Any CPU
		{DBB50849-6A7D-4BD2-B5E1-4F4A42C4935C}.Release|Any CPU.Build.0 = Release|Any CPU
	EndGlobalSection
	GlobalSection(SolutionProperties) = preSolution
		HideSolutionNode = FALSE
	EndGlobalSection
	GlobalSection(NestedProjects) = preSolution
		{24F75602-BC32-43F9-8535-1BEE9F12C7F0} = {311D12D0-EF2A-4DA9-BCCD-2722CF24F3BB}
		{D040819A-91D4-43B4-9ACB-A30AF5C71F10} = {6D3357C6-6F42-4122-9591-ECADECBFBB8B}
		{3664CB7E-B982-471B-B92A-B640647917CF} = {0E34AA26-4796-4453-AA07-F37AC9E9AFD5}
		{54ABF250-8012-4653-8B54-7BB4145BB86C} = {0E34AA26-4796-4453-AA07-F37AC9E9AFD5}
		{67A43C45-CA3E-4B02-A9B6-16A78CAB5AE7} = {13820644-6EDB-46DF-AEAD-43E1C7C4FDFD}
		{C3C37992-33FB-4042-8395-C2085C9E159F} = {26B00115-D81A-4597-948E-794E3798DF7F}
		{45BF0C17-344D-4E88-B15B-605B1AAA98F6} = {C37FEB65-314E-4AC4-B35C-419EF5A6BA7C}
		{C61284AF-4C00-4523-8CEB-E9788DBC1C5F} = {311D12D0-EF2A-4DA9-BCCD-2722CF24F3BB}
		{14F6C36D-D031-4DFF-A340-DCA5274B1C19} = {311D12D0-EF2A-4DA9-BCCD-2722CF24F3BB}
		{F53373FB-BDCE-46DE-9C41-FBA4A70D5B6E} = {311D12D0-EF2A-4DA9-BCCD-2722CF24F3BB}
		{DBB50849-6A7D-4BD2-B5E1-4F4A42C4935C} = {311D12D0-EF2A-4DA9-BCCD-2722CF24F3BB}
	EndGlobalSection
EndGlobal
